
Microsoft Visual Studio Solution File, Format Version 12.00
# Visual Studio 15
VisualStudioVersion = 15.0.26124.0
MinimumVisualStudioVersion = 15.0.26124.0
Project("{FAE04EC0-301F-11D3-BF4B-00C04F79EFBC}") = "Domain", "Domain\Domain.csproj", "{0C317433-28E5-478A-B7FF-693584C65163}"
EndProject
Project("{FAE04EC0-301F-11D3-BF4B-00C04F79EFBC}") = "Application", "Application\Application.csproj", "{29425E7E-F5E6-453C-89C2-A2DB16460087}"
EndProject
Project("{FAE04EC0-301F-11D3-BF4B-00C04F79EFBC}") = "Persistence", "Persistence\Persistence.csproj", "{E3158F13-C01A-435D-91FD-F30EF0B33C34}"
EndProject
Project("{FAE04EC0-301F-11D3-BF4B-00C04F79EFBC}") = "Api", "Api\Api.csproj", "{F71C658B-9918-44B2-BDE1-AB20E98E64A0}"
EndProject
Project("{FAE04EC0-301F-11D3-BF4B-00C04F79EFBC}") = "Service", "Service\Service.csproj", "{3698FC9C-926A-4945-AB93-AE74155CFA49}"
EndProject
Global
	GlobalSection(SolutionConfigurationPlatforms) = preSolution
		Debug|Any CPU = Debug|Any CPU
		Debug|x64 = Debug|x64
		Debug|x86 = Debug|x86
		Release|Any CPU = Release|Any CPU
		Release|x64 = Release|x64
		Release|x86 = Release|x86
	EndGlobalSection
	GlobalSection(SolutionProperties) = preSolution
		HideSolutionNode = FALSE
	EndGlobalSection
	GlobalSection(ProjectConfigurationPlatforms) = postSolution
		{0C317433-28E5-478A-B7FF-693584C65163}.Debug|Any CPU.ActiveCfg = Debug|Any CPU
		{0C317433-28E5-478A-B7FF-693584C65163}.Debug|Any CPU.Build.0 = Debug|Any CPU
		{0C317433-28E5-478A-B7FF-693584C65163}.Debug|x64.ActiveCfg = Debug|Any CPU
		{0C317433-28E5-478A-B7FF-693584C65163}.Debug|x64.Build.0 = Debug|Any CPU
		{0C317433-28E5-478A-B7FF-693584C65163}.Debug|x86.ActiveCfg = Debug|Any CPU
		{0C317433-28E5-478A-B7FF-693584C65163}.Debug|x86.Build.0 = Debug|Any CPU
		{0C317433-28E5-478A-B7FF-693584C65163}.Release|Any CPU.ActiveCfg = Release|Any CPU
		{0C317433-28E5-478A-B7FF-693584C65163}.Release|Any CPU.Build.0 = Release|Any CPU
		{0C317433-28E5-478A-B7FF-693584C65163}.Release|x64.ActiveCfg = Release|Any CPU
		{0C317433-28E5-478A-B7FF-693584C65163}.Release|x64.Build.0 = Release|Any CPU
		{0C317433-28E5-478A-B7FF-693584C65163}.Release|x86.ActiveCfg = Release|Any CPU
		{0C317433-28E5-478A-B7FF-693584C65163}.Release|x86.Build.0 = Release|Any CPU
		{29425E7E-F5E6-453C-89C2-A2DB16460087}.Debug|Any CPU.ActiveCfg = Debug|Any CPU
		{29425E7E-F5E6-453C-89C2-A2DB16460087}.Debug|Any CPU.Build.0 = Debug|Any CPU
		{29425E7E-F5E6-453C-89C2-A2DB16460087}.Debug|x64.ActiveCfg = Debug|Any CPU
		{29425E7E-F5E6-453C-89C2-A2DB16460087}.Debug|x64.Build.0 = Debug|Any CPU
		{29425E7E-F5E6-453C-89C2-A2DB16460087}.Debug|x86.ActiveCfg = Debug|Any CPU
		{29425E7E-F5E6-453C-89C2-A2DB16460087}.Debug|x86.Build.0 = Debug|Any CPU
		{29425E7E-F5E6-453C-89C2-A2DB16460087}.Release|Any CPU.ActiveCfg = Release|Any CPU
		{29425E7E-F5E6-453C-89C2-A2DB16460087}.Release|Any CPU.Build.0 = Release|Any CPU
		{29425E7E-F5E6-453C-89C2-A2DB16460087}.Release|x64.ActiveCfg = Release|Any CPU
		{29425E7E-F5E6-453C-89C2-A2DB16460087}.Release|x64.Build.0 = Release|Any CPU
		{29425E7E-F5E6-453C-89C2-A2DB16460087}.Release|x86.ActiveCfg = Release|Any CPU
		{29425E7E-F5E6-453C-89C2-A2DB16460087}.Release|x86.Build.0 = Release|Any CPU
		{E3158F13-C01A-435D-91FD-F30EF0B33C34}.Debug|Any CPU.ActiveCfg = Debug|Any CPU
		{E3158F13-C01A-435D-91FD-F30EF0B33C34}.Debug|Any CPU.Build.0 = Debug|Any CPU
		{E3158F13-C01A-435D-91FD-F30EF0B33C34}.Debug|x64.ActiveCfg = Debug|Any CPU
		{E3158F13-C01A-435D-91FD-F30EF0B33C34}.Debug|x64.Build.0 = Debug|Any CPU
		{E3158F13-C01A-435D-91FD-F30EF0B33C34}.Debug|x86.ActiveCfg = Debug|Any CPU
		{E3158F13-C01A-435D-91FD-F30EF0B33C34}.Debug|x86.Build.0 = Debug|Any CPU
		{E3158F13-C01A-435D-91FD-F30EF0B33C34}.Release|Any CPU.ActiveCfg = Release|Any CPU
		{E3158F13-C01A-435D-91FD-F30EF0B33C34}.Release|Any CPU.Build.0 = Release|Any CPU
		{E3158F13-C01A-435D-91FD-F30EF0B33C34}.Release|x64.ActiveCfg = Release|Any CPU
		{E3158F13-C01A-435D-91FD-F30EF0B33C34}.Release|x64.Build.0 = Release|Any CPU
		{E3158F13-C01A-435D-91FD-F30EF0B33C34}.Release|x86.ActiveCfg = Release|Any CPU
		{E3158F13-C01A-435D-91FD-F30EF0B33C34}.Release|x86.Build.0 = Release|Any CPU
		{F71C658B-9918-44B2-BDE1-AB20E98E64A0}.Debug|Any CPU.ActiveCfg = Debug|Any CPU
		{F71C658B-9918-44B2-BDE1-AB20E98E64A0}.Debug|Any CPU.Build.0 = Debug|Any CPU
		{F71C658B-9918-44B2-BDE1-AB20E98E64A0}.Debug|x64.ActiveCfg = Debug|Any CPU
		{F71C658B-9918-44B2-BDE1-AB20E98E64A0}.Debug|x64.Build.0 = Debug|Any CPU
		{F71C658B-9918-44B2-BDE1-AB20E98E64A0}.Debug|x86.ActiveCfg = Debug|Any CPU
		{F71C658B-9918-44B2-BDE1-AB20E98E64A0}.Debug|x86.Build.0 = Debug|Any CPU
		{F71C658B-9918-44B2-BDE1-AB20E98E64A0}.Release|Any CPU.ActiveCfg = Release|Any CPU
		{F71C658B-9918-44B2-BDE1-AB20E98E64A0}.Release|Any CPU.Build.0 = Release|Any CPU
		{F71C658B-9918-44B2-BDE1-AB20E98E64A0}.Release|x64.ActiveCfg = Release|Any CPU
		{F71C658B-9918-44B2-BDE1-AB20E98E64A0}.Release|x64.Build.0 = Release|Any CPU
		{F71C658B-9918-44B2-BDE1-AB20E98E64A0}.Release|x86.ActiveCfg = Release|Any CPU
		{F71C658B-9918-44B2-BDE1-AB20E98E64A0}.Release|x86.Build.0 = Release|Any CPU
		{3698FC9C-926A-4945-AB93-AE74155CFA49}.Debug|Any CPU.ActiveCfg = Debug|Any CPU
		{3698FC9C-926A-4945-AB93-AE74155CFA49}.Debug|Any CPU.Build.0 = Debug|Any CPU
		{3698FC9C-926A-4945-AB93-AE74155CFA49}.Debug|x64.ActiveCfg = Debug|Any CPU
		{3698FC9C-926A-4945-AB93-AE74155CFA49}.Debug|x64.Build.0 = Debug|Any CPU
		{3698FC9C-926A-4945-AB93-AE74155CFA49}.Debug|x86.ActiveCfg = Debug|Any CPU
		{3698FC9C-926A-4945-AB93-AE74155CFA49}.Debug|x86.Build.0 = Debug|Any CPU
		{3698FC9C-926A-4945-AB93-AE74155CFA49}.Release|Any CPU.ActiveCfg = Release|Any CPU
		{3698FC9C-926A-4945-AB93-AE74155CFA49}.Release|Any CPU.Build.0 = Release|Any CPU
		{3698FC9C-926A-4945-AB93-AE74155CFA49}.Release|x64.ActiveCfg = Release|Any CPU
		{3698FC9C-926A-4945-AB93-AE74155CFA49}.Release|x64.Build.0 = Release|Any CPU
		{3698FC9C-926A-4945-AB93-AE74155CFA49}.Release|x86.ActiveCfg = Release|Any CPU
		{3698FC9C-926A-4945-AB93-AE74155CFA49}.Release|x86.Build.0 = Release|Any CPU
	EndGlobalSection
EndGlobal
